// !$*UTF8*$!
{
	archiveVersion = 1;
	classes = {
	};
	objectVersion = 55;
	objects = {

/* Begin PBXBuildFile section */
		D064E536286B342E00DDD4B9 /* ContentView.swift in Sources */ = {isa = PBXBuildFile; fileRef = D064E535286B342E00DDD4B9 /* ContentView.swift */; };
		D064E538286B342F00DDD4B9 /* Assets.xcassets in Resources */ = {isa = PBXBuildFile; fileRef = D064E537286B342F00DDD4B9 /* Assets.xcassets */; };
		D064E53B286B342F00DDD4B9 /* Preview Assets.xcassets in Resources */ = {isa = PBXBuildFile; fileRef = D064E53A286B342F00DDD4B9 /* Preview Assets.xcassets */; };
		D064E546286B342F00DDD4B9 /* practice1Tests.swift in Sources */ = {isa = PBXBuildFile; fileRef = D064E545286B342F00DDD4B9 /* practice1Tests.swift */; };
		D064E550286B342F00DDD4B9 /* practice1UITests.swift in Sources */ = {isa = PBXBuildFile; fileRef = D064E54F286B342F00DDD4B9 /* practice1UITests.swift */; };
		D064E552286B342F00DDD4B9 /* practice1UITestsLaunchTests.swift in Sources */ = {isa = PBXBuildFile; fileRef = D064E551286B342F00DDD4B9 /* practice1UITestsLaunchTests.swift */; };
		D064E55F286B34C300DDD4B9 /* main.swift in Sources */ = {isa = PBXBuildFile; fileRef = D064E55E286B34C300DDD4B9 /* main.swift */; };
/* End PBXBuildFile section */

/* Begin PBXContainerItemProxy section */
		D064E542286B342F00DDD4B9 /* PBXContainerItemProxy */ = {
			isa = PBXContainerItemProxy;
			containerPortal = D064E528286B342E00DDD4B9 /* Project object */;
			proxyType = 1;
			remoteGlobalIDString = D064E52F286B342E00DDD4B9;
			remoteInfo = practice1;
		};
		D064E54C286B342F00DDD4B9 /* PBXContainerItemProxy */ = {
			isa = PBXContainerItemProxy;
			containerPortal = D064E528286B342E00DDD4B9 /* Project object */;
			proxyType = 1;
			remoteGlobalIDString = D064E52F286B342E00DDD4B9;
			remoteInfo = practice1;
		};
/* End PBXContainerItemProxy section */

/* Begin PBXFileReference section */
		D064E530286B342E00DDD4B9 /* practice1.app */ = {isa = PBXFileReference; explicitFileType = wrapper.application; includeInIndex = 0; path = practice1.app; sourceTree = BUILT_PRODUCTS_DIR; };
		D064E535286B342E00DDD4B9 /* ContentView.swift */ = {isa = PBXFileReference; lastKnownFileType = sourcecode.swift; path = ContentView.swift; sourceTree = "<group>"; };
		D064E537286B342F00DDD4B9 /* Assets.xcassets */ = {isa = PBXFileReference; lastKnownFileType = folder.assetcatalog; path = Assets.xcassets; sourceTree = "<group>"; };
		D064E53A286B342F00DDD4B9 /* Preview Assets.xcassets */ = {isa = PBXFileReference; lastKnownFileType = folder.assetcatalog; path = "Preview Assets.xcassets"; sourceTree = "<group>"; };
		D064E53C286B342F00DDD4B9 /* practice1.entitlements */ = {isa = PBXFileReference; lastKnownFileType = text.plist.entitlements; path = practice1.entitlements; sourceTree = "<group>"; };
		D064E541286B342F00DDD4B9 /* practice1Tests.xctest */ = {isa = PBXFileReference; explicitFileType = wrapper.cfbundle; includeInIndex = 0; path = practice1Tests.xctest; sourceTree = BUILT_PRODUCTS_DIR; };
		D064E545286B342F00DDD4B9 /* practice1Tests.swift */ = {isa = PBXFileReference; lastKnownFileType = sourcecode.swift; path = practice1Tests.swift; sourceTree = "<group>"; };
		D064E54B286B342F00DDD4B9 /* practice1UITests.xctest */ = {isa = PBXFileReference; explicitFileType = wrapper.cfbundle; includeInIndex = 0; path = practice1UITests.xctest; sourceTree = BUILT_PRODUCTS_DIR; };
		D064E54F286B342F00DDD4B9 /* practice1UITests.swift */ = {isa = PBXFileReference; lastKnownFileType = sourcecode.swift; path = practice1UITests.swift; sourceTree = "<group>"; };
		D064E551286B342F00DDD4B9 /* practice1UITestsLaunchTests.swift */ = {isa = PBXFileReference; lastKnownFileType = sourcecode.swift; path = practice1UITestsLaunchTests.swift; sourceTree = "<group>"; };
		D064E55E286B34C300DDD4B9 /* main.swift */ = {isa = PBXFileReference; lastKnownFileType = sourcecode.swift; path = main.swift; sourceTree = "<group>"; };
/* End PBXFileReference section */

/* Begin PBXFrameworksBuildPhase section */
		D064E52D286B342E00DDD4B9 /* Frameworks */ = {
			isa = PBXFrameworksBuildPhase;
			buildActionMask = 2147483647;
			files = (
			);
			runOnlyForDeploymentPostprocessing = 0;
		};
		D064E53E286B342F00DDD4B9 /* Frameworks */ = {
			isa = PBXFrameworksBuildPhase;
			buildActionMask = 2147483647;
			files = (
			);
			runOnlyForDeploymentPostprocessing = 0;
		};
		D064E548286B342F00DDD4B9 /* Frameworks */ = {
			isa = PBXFrameworksBuildPhase;
			buildActionMask = 2147483647;
			files = (
			);
			runOnlyForDeploymentPostprocessing = 0;
		};
/* End PBXFrameworksBuildPhase section */

/* Begin PBXGroup section */
		D064E527286B342E00DDD4B9 = {
			isa = PBXGroup;
			children = (
				D064E532286B342E00DDD4B9 /* practice1 */,
				D064E544286B342F00DDD4B9 /* practice1Tests */,
				D064E54E286B342F00DDD4B9 /* practice1UITests */,
				D064E531286B342E00DDD4B9 /* Products */,
			);
			sourceTree = "<group>";
		};
		D064E531286B342E00DDD4B9 /* Products */ = {
			isa = PBXGroup;
			children = (
				D064E530286B342E00DDD4B9 /* practice1.app */,
				D064E541286B342F00DDD4B9 /* practice1Tests.xctest */,
				D064E54B286B342F00DDD4B9 /* practice1UITests.xctest */,
			);
			name = Products;
			sourceTree = "<group>";
		};
		D064E532286B342E00DDD4B9 /* practice1 */ = {
			isa = PBXGroup;
			children = (
				D064E55E286B34C300DDD4B9 /* main.swift */,
				D064E535286B342E00DDD4B9 /* ContentView.swift */,
				D064E537286B342F00DDD4B9 /* Assets.xcassets */,
				D064E53C286B342F00DDD4B9 /* practice1.entitlements */,
				D064E539286B342F00DDD4B9 /* Preview Content */,
			);
			path = practice1;
			sourceTree = "<group>";
		};
		D064E539286B342F00DDD4B9 /* Preview Content */ = {
			isa = PBXGroup;
			children = (
				D064E53A286B342F00DDD4B9 /* Preview Assets.xcassets */,
			);
			path = "Preview Content";
			sourceTree = "<group>";
		};
		D064E544286B342F00DDD4B9 /* practice1Tests */ = {
			isa = PBXGroup;
			children = (
				D064E545286B342F00DDD4B9 /* practice1Tests.swift */,
			);
			path = practice1Tests;
			sourceTree = "<group>";
		};
		D064E54E286B342F00DDD4B9 /* practice1UITests */ = {
			isa = PBXGroup;
			children = (
				D064E54F286B342F00DDD4B9 /* practice1UITests.swift */,
				D064E551286B342F00DDD4B9 /* practice1UITestsLaunchTests.swift */,
			);
			path = practice1UITests;
			sourceTree = "<group>";
		};
/* End PBXGroup section */

/* Begin PBXNativeTarget section */
		D064E52F286B342E00DDD4B9 /* practice1 */ = {
			isa = PBXNativeTarget;
			buildConfigurationList = D064E555286B342F00DDD4B9 /* Build configuration list for PBXNativeTarget "practice1" */;
			buildPhases = (
				D064E52C286B342E00DDD4B9 /* Sources */,
				D064E52D286B342E00DDD4B9 /* Frameworks */,
				D064E52E286B342E00DDD4B9 /* Resources */,
			);
			buildRules = (
			);
			dependencies = (
			);
			name = practice1;
			productName = practice1;
			productReference = D064E530286B342E00DDD4B9 /* practice1.app */;
			productType = "com.apple.product-type.application";
		};
		D064E540286B342F00DDD4B9 /* practice1Tests */ = {
			isa = PBXNativeTarget;
			buildConfigurationList = D064E558286B342F00DDD4B9 /* Build configuration list for PBXNativeTarget "practice1Tests" */;
			buildPhases = (
				D064E53D286B342F00DDD4B9 /* Sources */,
				D064E53E286B342F00DDD4B9 /* Frameworks */,
				D064E53F286B342F00DDD4B9 /* Resources */,
			);
			buildRules = (
			);
			dependencies = (
				D064E543286B342F00DDD4B9 /* PBXTargetDependency */,
			);
			name = practice1Tests;
			productName = practice1Tests;
			productReference = D064E541286B342F00DDD4B9 /* practice1Tests.xctest */;
			productType = "com.apple.product-type.bundle.unit-test";
		};
		D064E54A286B342F00DDD4B9 /* practice1UITests */ = {
			isa = PBXNativeTarget;
			buildConfigurationList = D064E55B286B342F00DDD4B9 /* Build configuration list for PBXNativeTarget "practice1UITests" */;
			buildPhases = (
				D064E547286B342F00DDD4B9 /* Sources */,
				D064E548286B342F00DDD4B9 /* Frameworks */,
				D064E549286B342F00DDD4B9 /* Resources */,
			);
			buildRules = (
			);
			dependencies = (
				D064E54D286B342F00DDD4B9 /* PBXTargetDependency */,
			);
			name = practice1UITests;
			productName = practice1UITests;
			productReference = D064E54B286B342F00DDD4B9 /* practice1UITests.xctest */;
			productType = "com.apple.product-type.bundle.ui-testing";
		};
/* End PBXNativeTarget section */

/* Begin PBXProject section */
		D064E528286B342E00DDD4B9 /* Project object */ = {
			isa = PBXProject;
			attributes = {
				BuildIndependentTargetsInParallel = 1;
				LastSwiftUpdateCheck = 1340;
				LastUpgradeCheck = 1340;
				TargetAttributes = {
					D064E52F286B342E00DDD4B9 = {
						CreatedOnToolsVersion = 13.4.1;
					};
					D064E540286B342F00DDD4B9 = {
						CreatedOnToolsVersion = 13.4.1;
						TestTargetID = D064E52F286B342E00DDD4B9;
					};
					D064E54A286B342F00DDD4B9 = {
						CreatedOnToolsVersion = 13.4.1;
						TestTargetID = D064E52F286B342E00DDD4B9;
					};
				};
			};
			buildConfigurationList = D064E52B286B342E00DDD4B9 /* Build configuration list for PBXProject "practice1" */;
			compatibilityVersion = "Xcode 13.0";
			developmentRegion = en;
			hasScannedForEncodings = 0;
			knownRegions = (
				en,
				Base,
			);
			mainGroup = D064E527286B342E00DDD4B9;
			productRefGroup = D064E531286B342E00DDD4B9 /* Products */;
			projectDirPath = "";
			projectRoot = "";
			targets = (
				D064E52F286B342E00DDD4B9 /* practice1 */,
				D064E540286B342F00DDD4B9 /* practice1Tests */,
				D064E54A286B342F00DDD4B9 /* practice1UITests */,
			);
		};
/* End PBXProject section */

/* Begin PBXResourcesBuildPhase section */
		D064E52E286B342E00DDD4B9 /* Resources */ = {
			isa = PBXResourcesBuildPhase;
			buildActionMask = 2147483647;
			files = (
				D064E53B286B342F00DDD4B9 /* Preview Assets.xcassets in Resources */,
				D064E538286B342F00DDD4B9 /* Assets.xcassets in Resources */,
			);
			runOnlyForDeploymentPostprocessing = 0;
		};
		D064E53F286B342F00DDD4B9 /* Resources */ = {
			isa = PBXResourcesBuildPhase;
			buildActionMask = 2147483647;
			files = (
			);
			runOnlyForDeploymentPostprocessing = 0;
		};
		D064E549286B342F00DDD4B9 /* Resources */ = {
			isa = PBXResourcesBuildPhase;
			buildActionMask = 2147483647;
			files = (
			);
			runOnlyForDeploymentPostprocessing = 0;
		};
/* End PBXResourcesBuildPhase section */

/* Begin PBXSourcesBuildPhase section */
		D064E52C286B342E00DDD4B9 /* Sources */ = {
			isa = PBXSourcesBuildPhase;
			buildActionMask = 2147483647;
			files = (
				D064E536286B342E00DDD4B9 /* ContentView.swift in Sources */,
				D064E55F286B34C300DDD4B9 /* main.swift in Sources */,
			);
			runOnlyForDeploymentPostprocessing = 0;
		};
		D064E53D286B342F00DDD4B9 /* Sources */ = {
			isa = PBXSourcesBuildPhase;
			buildActionMask = 2147483647;
			files = (
				D064E546286B342F00DDD4B9 /* practice1Tests.swift in Sources */,
			);
			runOnlyForDeploymentPostprocessing = 0;
		};
		D064E547286B342F00DDD4B9 /* Sources */ = {
			isa = PBXSourcesBuildPhase;
			buildActionMask = 2147483647;
			files = (
				D064E550286B342F00DDD4B9 /* practice1UITests.swift in Sources */,
				D064E552286B342F00DDD4B9 /* practice1UITestsLaunchTests.swift in Sources */,
			);
			runOnlyForDeploymentPostprocessing = 0;
		};
/* End PBXSourcesBuildPhase section */

/* Begin PBXTargetDependency section */
		D064E543286B342F00DDD4B9 /* PBXTargetDependency */ = {
			isa = PBXTargetDependency;
			target = D064E52F286B342E00DDD4B9 /* practice1 */;
			targetProxy = D064E542286B342F00DDD4B9 /* PBXContainerItemProxy */;
		};
		D064E54D286B342F00DDD4B9 /* PBXTargetDependency */ = {
			isa = PBXTargetDependency;
			target = D064E52F286B342E00DDD4B9 /* practice1 */;
			targetProxy = D064E54C286B342F00DDD4B9 /* PBXContainerItemProxy */;
		};
/* End PBXTargetDependency section */

/* Begin XCBuildConfiguration section */
		D064E553286B342F00DDD4B9 /* Debug */ = {
			isa = XCBuildConfiguration;
			buildSettings = {
				ALWAYS_SEARCH_USER_PATHS = NO;
				CLANG_ANALYZER_NONNULL = YES;
				CLANG_ANALYZER_NUMBER_OBJECT_CONVERSION = YES_AGGRESSIVE;
				CLANG_CXX_LANGUAGE_STANDARD = "gnu++17";
				CLANG_ENABLE_MODULES = YES;
				CLANG_ENABLE_OBJC_ARC = YES;
				CLANG_ENABLE_OBJC_WEAK = YES;
				CLANG_WARN_BLOCK_CAPTURE_AUTORELEASING = YES;
				CLANG_WARN_BOOL_CONVERSION = YES;
				CLANG_WARN_COMMA = YES;
				CLANG_WARN_CONSTANT_CONVERSION = YES;
				CLANG_WARN_DEPRECATED_OBJC_IMPLEMENTATIONS = YES;
				CLANG_WARN_DIRECT_OBJC_ISA_USAGE = YES_ERROR;
				CLANG_WARN_DOCUMENTATION_COMMENTS = YES;
				CLANG_WARN_EMPTY_BODY = YES;
				CLANG_WARN_ENUM_CONVERSION = YES;
				CLANG_WARN_INFINITE_RECURSION = YES;
				CLANG_WARN_INT_CONVERSION = YES;
				CLANG_WARN_NON_LITERAL_NULL_CONVERSION = YES;
				CLANG_WARN_OBJC_IMPLICIT_RETAIN_SELF = YES;
				CLANG_WARN_OBJC_LITERAL_CONVERSION = YES;
				CLANG_WARN_OBJC_ROOT_CLASS = YES_ERROR;
				CLANG_WARN_QUOTED_INCLUDE_IN_FRAMEWORK_HEADER = YES;
				CLANG_WARN_RANGE_LOOP_ANALYSIS = YES;
				CLANG_WARN_STRICT_PROTOTYPES = YES;
				CLANG_WARN_SUSPICIOUS_MOVE = YES;
				CLANG_WARN_UNGUARDED_AVAILABILITY = YES_AGGRESSIVE;
				CLANG_WARN_UNREACHABLE_CODE = YES;
				CLANG_WARN__DUPLICATE_METHOD_MATCH = YES;
				COPY_PHASE_STRIP = NO;
				DEBUG_INFORMATION_FORMAT = dwarf;
				ENABLE_STRICT_OBJC_MSGSEND = YES;
				ENABLE_TESTABILITY = YES;
				GCC_C_LANGUAGE_STANDARD = gnu11;
				GCC_DYNAMIC_NO_PIC = NO;
				GCC_NO_COMMON_BLOCKS = YES;
				GCC_OPTIMIZATION_LEVEL = 0;
				GCC_PREPROCESSOR_DEFINITIONS = (
					"DEBUG=1",
					"$(inherited)",
				);
				GCC_WARN_64_TO_32_BIT_CONVERSION = YES;
				GCC_WARN_ABOUT_RETURN_TYPE = YES_ERROR;
				GCC_WARN_UNDECLARED_SELECTOR = YES;
				GCC_WARN_UNINITIALIZED_AUTOS = YES_AGGRESSIVE;
				GCC_WARN_UNUSED_FUNCTION = YES;
				GCC_WARN_UNUSED_VARIABLE = YES;
				MACOSX_DEPLOYMENT_TARGET = 12.3;
				MTL_ENABLE_DEBUG_INFO = INCLUDE_SOURCE;
				MTL_FAST_MATH = YES;
				ONLY_ACTIVE_ARCH = YES;
				SDKROOT = macosx;
				SWIFT_ACTIVE_COMPILATION_CONDITIONS = DEBUG;
				SWIFT_OPTIMIZATION_LEVEL = "-Onone";
			};
			name = Debug;
		};
		D064E554286B342F00DDD4B9 /* Release */ = {
			isa = XCBuildConfiguration;
			buildSettings = {
				ALWAYS_SEARCH_USER_PATHS = NO;
				CLANG_ANALYZER_NONNULL = YES;
				CLANG_ANALYZER_NUMBER_OBJECT_CONVERSION = YES_AGGRESSIVE;
				CLANG_CXX_LANGUAGE_STANDARD = "gnu++17";
				CLANG_ENABLE_MODULES = YES;
				CLANG_ENABLE_OBJC_ARC = YES;
				CLANG_ENABLE_OBJC_WEAK = YES;
				CLANG_WARN_BLOCK_CAPTURE_AUTORELEASING = YES;
				CLANG_WARN_BOOL_CONVERSION = YES;
				CLANG_WARN_COMMA = YES;
				CLANG_WARN_CONSTANT_CONVERSION = YES;
				CLANG_WARN_DEPRECATED_OBJC_IMPLEMENTATIONS = YES;
				CLANG_WARN_DIRECT_OBJC_ISA_USAGE = YES_ERROR;
				CLANG_WARN_DOCUMENTATION_COMMENTS = YES;
				CLANG_WARN_EMPTY_BODY = YES;
				CLANG_WARN_ENUM_CONVERSION = YES;
				CLANG_WARN_INFINITE_RECURSION = YES;
				CLANG_WARN_INT_CONVERSION = YES;
				CLANG_WARN_NON_LITERAL_NULL_CONVERSION = YES;
				CLANG_WARN_OBJC_IMPLICIT_RETAIN_SELF = YES;
				CLANG_WARN_OBJC_LITERAL_CONVERSION = YES;
				CLANG_WARN_OBJC_ROOT_CLASS = YES_ERROR;
				CLANG_WARN_QUOTED_INCLUDE_IN_FRAMEWORK_HEADER = YES;
				CLANG_WARN_RANGE_LOOP_ANALYSIS = YES;
				CLANG_WARN_STRICT_PROTOTYPES = YES;
				CLANG_WARN_SUSPICIOUS_MOVE = YES;
				CLANG_WARN_UNGUARDED_AVAILABILITY = YES_AGGRESSIVE;
				CLANG_WARN_UNREACHABLE_CODE = YES;
				CLANG_WARN__DUPLICATE_METHOD_MATCH = YES;
				COPY_PHASE_STRIP = NO;
				DEBUG_INFORMATION_FORMAT = "dwarf-with-dsym";
				ENABLE_NS_ASSERTIONS = NO;
				ENABLE_STRICT_OBJC_MSGSEND = YES;
				GCC_C_LANGUAGE_STANDARD = gnu11;
				GCC_NO_COMMON_BLOCKS = YES;
				GCC_WARN_64_TO_32_BIT_CONVERSION = YES;
				GCC_WARN_ABOUT_RETURN_TYPE = YES_ERROR;
				GCC_WARN_UNDECLARED_SELECTOR = YES;
				GCC_WARN_UNINITIALIZED_AUTOS = YES_AGGRESSIVE;
				GCC_WARN_UNUSED_FUNCTION = YES;
				GCC_WARN_UNUSED_VARIABLE = YES;
				MACOSX_DEPLOYMENT_TARGET = 12.3;
				MTL_ENABLE_DEBUG_INFO = NO;
				MTL_FAST_MATH = YES;
				SDKROOT = macosx;
				SWIFT_COMPILATION_MODE = wholemodule;
				SWIFT_OPTIMIZATION_LEVEL = "-O";
			};
			name = Release;
		};
		D064E556286B342F00DDD4B9 /* Debug */ = {
			isa = XCBuildConfiguration;
			buildSettings = {
				ASSETCATALOG_COMPILER_APPICON_NAME = AppIcon;
				ASSETCATALOG_COMPILER_GLOBAL_ACCENT_COLOR_NAME = AccentColor;
				CODE_SIGN_ENTITLEMENTS = practice1/practice1.entitlements;
				CODE_SIGN_STYLE = Automatic;
				COMBINE_HIDPI_IMAGES = YES;
				CURRENT_PROJECT_VERSION = 1;
				DEVELOPMENT_ASSET_PATHS = "\"practice1/Preview Content\"";
				ENABLE_PREVIEWS = YES;
				GENERATE_INFOPLIST_FILE = YES;
				INFOPLIST_KEY_NSHumanReadableCopyright = "";
				LD_RUNPATH_SEARCH_PATHS = (
					"$(inherited)",
					"@executable_path/../Frameworks",
				);
				MARKETING_VERSION = 1.0;
				PRODUCT_BUNDLE_IDENTIFIER = int.practice1;
				PRODUCT_NAME = "$(TARGET_NAME)";
				SWIFT_EMIT_LOC_STRINGS = YES;
				SWIFT_VERSION = 5.0;
			};
			name = Debug;
		};
		D064E557286B342F00DDD4B9 /* Release */ = {
			isa = XCBuildConfiguration;
			buildSettings = {
				ASSETCATALOG_COMPILER_APPICON_NAME = AppIcon;
				ASSETCATALOG_COMPILER_GLOBAL_ACCENT_COLOR_NAME = AccentColor;
				CODE_SIGN_ENTITLEMENTS = practice1/practice1.entitlements;
				CODE_SIGN_STYLE = Automatic;
				COMBINE_HIDPI_IMAGES = YES;
				CURRENT_PROJECT_VERSION = 1;
				DEVELOPMENT_ASSET_PATHS = "\"practice1/Preview Content\"";
				ENABLE_PREVIEWS = YES;
				GENERATE_INFOPLIST_FILE = YES;
				INFOPLIST_KEY_NSHumanReadableCopyright = "";
				LD_RUNPATH_SEARCH_PATHS = (
					"$(inherited)",
					"@executable_path/../Frameworks",
				);
				MARKETING_VERSION = 1.0;
				PRODUCT_BUNDLE_IDENTIFIER = int.practice1;
				PRODUCT_NAME = "$(TARGET_NAME)";
				SWIFT_EMIT_LOC_STRINGS = YES;
				SWIFT_VERSION = 5.0;
			};
			name = Release;
		};
		D064E559286B342F00DDD4B9 /* Debug */ = {
			isa = XCBuildConfiguration;
			buildSettings = {
				ALWAYS_EMBED_SWIFT_STANDARD_LIBRARIES = YES;
				BUNDLE_LOADER = "$(TEST_HOST)";
				CODE_SIGN_STYLE = Automatic;
				CURRENT_PROJECT_VERSION = 1;
				GENERATE_INFOPLIST_FILE = YES;
				MACOSX_DEPLOYMENT_TARGET = 12.3;
				MARKETING_VERSION = 1.0;
				PRODUCT_BUNDLE_IDENTIFIER = int.practice1Tests;
				PRODUCT_NAME = "$(TARGET_NAME)";
				SWIFT_EMIT_LOC_STRINGS = NO;
				SWIFT_VERSION = 5.0;
				TEST_HOST = "$(BUILT_PRODUCTS_DIR)/practice1.app/Contents/MacOS/practice1";
			};
			name = Debug;
		};
		D064E55A286B342F00DDD4B9 /* Release */ = {
			isa = XCBuildConfiguration;
			buildSettings = {
				ALWAYS_EMBED_SWIFT_STANDARD_LIBRARIES = YES;
				BUNDLE_LOADER = "$(TEST_HOST)";
				CODE_SIGN_STYLE = Automatic;
				CURRENT_PROJECT_VERSION = 1;
				GENERATE_INFOPLIST_FILE = YES;
				MACOSX_DEPLOYMENT_TARGET = 12.3;
				MARKETING_VERSION = 1.0;
				PRODUCT_BUNDLE_IDENTIFIER = int.practice1Tests;
				PRODUCT_NAME = "$(TARGET_NAME)";
				SWIFT_EMIT_LOC_STRINGS = NO;
				SWIFT_VERSION = 5.0;
				TEST_HOST = "$(BUILT_PRODUCTS_DIR)/practice1.app/Contents/MacOS/practice1";
			};
			name = Release;
		};
		D064E55C286B342F00DDD4B9 /* Debug */ = {
			isa = XCBuildConfiguration;
			buildSettings = {
				ALWAYS_EMBED_SWIFT_STANDARD_LIBRARIES = YES;
				CODE_SIGN_STYLE = Automatic;
				CURRENT_PROJECT_VERSION = 1;
				GENERATE_INFOPLIST_FILE = YES;
				MARKETING_VERSION = 1.0;
				PRODUCT_BUNDLE_IDENTIFIER = int.practice1UITests;
				PRODUCT_NAME = "$(TARGET_NAME)";
				SWIFT_EMIT_LOC_STRINGS = NO;
				SWIFT_VERSION = 5.0;
				TEST_TARGET_NAME = practice1;
			};
			name = Debug;
		};
		D064E55D286B342F00DDD4B9 /* Release */ = {
			isa = XCBuildConfiguration;
			buildSettings = {
				ALWAYS_EMBED_SWIFT_STANDARD_LIBRARIES = YES;
				CODE_SIGN_STYLE = Automatic;
				CURRENT_PROJECT_VERSION = 1;
				GENERATE_INFOPLIST_FILE = YES;
				MARKETING_VERSION = 1.0;
				PRODUCT_BUNDLE_IDENTIFIER = int.practice1UITests;
				PRODUCT_NAME = "$(TARGET_NAME)";
				SWIFT_EMIT_LOC_STRINGS = NO;
				SWIFT_VERSION = 5.0;
				TEST_TARGET_NAME = practice1;
			};
			name = Release;
		};
/* End XCBuildConfiguration section */

/* Begin XCConfigurationList section */
		D064E52B286B342E00DDD4B9 /* Build configuration list for PBXProject "practice1" */ = {
			isa = XCConfigurationList;
			buildConfigurations = (
				D064E553286B342F00DDD4B9 /* Debug */,
				D064E554286B342F00DDD4B9 /* Release */,
			);
			defaultConfigurationIsVisible = 0;
			defaultConfigurationName = Release;
		};
		D064E555286B342F00DDD4B9 /* Build configuration list for PBXNativeTarget "practice1" */ = {
			isa = XCConfigurationList;
			buildConfigurations = (
				D064E556286B342F00DDD4B9 /* Debug */,
				D064E557286B342F00DDD4B9 /* Release */,
			);
			defaultConfigurationIsVisible = 0;
			defaultConfigurationName = Release;
		};
		D064E558286B342F00DDD4B9 /* Build configuration list for PBXNativeTarget "practice1Tests" */ = {
			isa = XCConfigurationList;
			buildConfigurations = (
				D064E559286B342F00DDD4B9 /* Debug */,
				D064E55A286B342F00DDD4B9 /* Release */,
			);
			defaultConfigurationIsVisible = 0;
			defaultConfigurationName = Release;
		};
		D064E55B286B342F00DDD4B9 /* Build configuration list for PBXNativeTarget "practice1UITests" */ = {
			isa = XCConfigurationList;
			buildConfigurations = (
				D064E55C286B342F00DDD4B9 /* Debug */,
				D064E55D286B342F00DDD4B9 /* Release */,
			);
			defaultConfigurationIsVisible = 0;
			defaultConfigurationName = Release;
		};
/* End XCConfigurationList section */
	};
	rootObject = D064E528286B342E00DDD4B9 /* Project object */;
}
